{
  "version": 4,
  "terraform_version": "1.3.7",
  "serial": 28,
  "lineage": "131428bb-a507-df5e-cd43-c0f0ad105428",
  "outputs": {
    "jenkins_ip": {
      "value": "137.184.108.74",
      "type": "string"
    }
  },
  "resources": [
    {
      "mode": "data",
      "type": "digitalocean_ssh_key",
      "name": "ssh_key_name",
      "provider": "provider[\"registry.terraform.io/digitalocean/digitalocean\"]",
      "instances": [
        {
          "schema_version": 0,
          "attributes": {
            "fingerprint": "87:3a:fe:42:e4:69:ce:b4:a9:47:59:41:ae:98:df:f3",
            "id": 37362004,
            "name": "jornada",
            "public_key": "ssh-rsa AAAAB3NzaC1yc2EAAAADAQABAAABAQC6rjrmL4yJQuCHyEqQM+gigYRDZgVO1oHmCeUfS29rvdDaMVUQPQuGD8v2c7X1kTAzEi2X56GxMCKonuX5SdoGyeZVlEFyqbYP3Cr33x5fEtuev6K9IjxJGL4EZC/LSslnV39cgWaSy2WAr6vWOWyuWim50/cPDkX6RAhGy87D8s1uJ/9TVvvJ399lQVsvSDiCmR9MDWEw3W220l0yEipoRH/vNm/UpM41uNp19eM8a+gInKdWbfbt7YRZmmUJuM+55lNp4tcuVCKAExe+VGuWCne7woy4tfS/SDZL3H4fUZKiW3rTDqjw98d2nqkQD8vxcvn6UBAB1ugXN0gsTucB henrique@PC_Henrique"
          },
          "sensitive_attributes": []
        }
      ]
    },
    {
      "mode": "managed",
      "type": "digitalocean_droplet",
      "name": "jenkins",
      "provider": "provider[\"registry.terraform.io/digitalocean/digitalocean\"]",
      "instances": [
        {
          "schema_version": 1,
          "attributes": {
            "backups": false,
            "created_at": "2023-01-26T22:36:57Z",
            "disk": 60,
            "droplet_agent": null,
            "graceful_shutdown": false,
            "id": "337724111",
            "image": "ubuntu-22-04-x64",
            "ipv4_address": "137.184.108.74",
            "ipv4_address_private": "10.116.0.2",
            "ipv6": false,
            "ipv6_address": "",
            "locked": false,
            "memory": 2048,
            "monitoring": false,
            "name": "jenkins",
            "price_hourly": 0.02679,
            "price_monthly": 18,
            "private_networking": true,
            "region": "nyc1",
            "resize_disk": true,
            "size": "s-2vcpu-2gb",
            "ssh_keys": [
              "37362004"
            ],
            "status": "active",
            "tags": [],
            "timeouts": null,
            "urn": "do:droplet:337724111",
            "user_data": null,
            "vcpus": 2,
            "volume_ids": [],
            "vpc_uuid": "d8c1b1e5-aa70-4faf-8d19-fca5e5446d77"
          },
          "sensitive_attributes": [],
          "private": "eyJlMmJmYjczMC1lY2FhLTExZTYtOGY4OC0zNDM2M2JjN2M0YzAiOnsiY3JlYXRlIjozNjAwMDAwMDAwMDAwLCJkZWxldGUiOjYwMDAwMDAwMDAwLCJ1cGRhdGUiOjM2MDAwMDAwMDAwMDB9LCJzY2hlbWFfdmVyc2lvbiI6IjEifQ==",
          "dependencies": [
            "data.digitalocean_ssh_key.ssh_key_name"
          ]
        }
      ]
    },
    {
      "mode": "managed",
      "type": "local_file",
      "name": "foo",
      "provider": "provider[\"registry.terraform.io/hashicorp/local\"]",
      "instances": []
    }
  ],
  "check_results": null
}
